// !$*UTF8*$!
{
	archiveVersion = 1;
	classes = {
	};
	objectVersion = 51;
	objects = {

/* Begin PBXBuildFile section */
		0B0DB89A274C491000469004 /* AppDelegate.swift in Sources */ = {isa = PBXBuildFile; fileRef = 0B0DB899274C491000469004 /* AppDelegate.swift */; };
		0B0DB89C274C491000469004 /* SceneDelegate.swift in Sources */ = {isa = PBXBuildFile; fileRef = 0B0DB89B274C491000469004 /* SceneDelegate.swift */; };
		0B0DB89E274C491000469004 /* ViewController.swift in Sources */ = {isa = PBXBuildFile; fileRef = 0B0DB89D274C491000469004 /* ViewController.swift */; };
		0B0DB8A1274C491000469004 /* Main.storyboard in Resources */ = {isa = PBXBuildFile; fileRef = 0B0DB89F274C491000469004 /* Main.storyboard */; };
		0B0DB8A3274C491300469004 /* Assets.xcassets in Resources */ = {isa = PBXBuildFile; fileRef = 0B0DB8A2274C491300469004 /* Assets.xcassets */; };
		0B0DB8A6274C491300469004 /* LaunchScreen.storyboard in Resources */ = {isa = PBXBuildFile; fileRef = 0B0DB8A4274C491300469004 /* LaunchScreen.storyboard */; };
		0B0DB8B6274D546100469004 /* TableViewController.swift in Sources */ = {isa = PBXBuildFile; fileRef = 0B0DB8B5274D546100469004 /* TableViewController.swift */; };
		0B0DB8BD274E4C3D00469004 /* IngridientsCollectionViewCell.swift in Sources */ = {isa = PBXBuildFile; fileRef = 0B0DB8BC274E4C3D00469004 /* IngridientsCollectionViewCell.swift */; };
		0B0DB8C1274E578900469004 /* IngridientsTableViewCell.swift in Sources */ = {isa = PBXBuildFile; fileRef = 0B0DB8C0274E578900469004 /* IngridientsTableViewCell.swift */; };
		0B3433F22759325A00AD6A78 /* Movie.swift in Sources */ = {isa = PBXBuildFile; fileRef = 0B3433F12759325A00AD6A78 /* Movie.swift */; };
		0B343424275ABA3900AD6A78 /* Constant.swift in Sources */ = {isa = PBXBuildFile; fileRef = 0B343423275ABA3900AD6A78 /* Constant.swift */; };
		0B343427275AD44200AD6A78 /* TitleCell.swift in Sources */ = {isa = PBXBuildFile; fileRef = 0B343426275AD44200AD6A78 /* TitleCell.swift */; };
		0B34342A275BE21100AD6A78 /* PlotCell.swift in Sources */ = {isa = PBXBuildFile; fileRef = 0B343429275BE21100AD6A78 /* PlotCell.swift */; };
		0B34342E275BE37300AD6A78 /* ImageCell.swift in Sources */ = {isa = PBXBuildFile; fileRef = 0B34342D275BE37300AD6A78 /* ImageCell.swift */; };
		F0D105D603BD8A2476445FF8 /* Pods_CocktailShaker.framework in Frameworks */ = {isa = PBXBuildFile; fileRef = 5332B358FDC869CCDEE581B2 /* Pods_CocktailShaker.framework */; };
/* End PBXBuildFile section */

/* Begin PBXFileReference section */
		0B0DB896274C491000469004 /* CocktailShaker.app */ = {isa = PBXFileReference; explicitFileType = wrapper.application; includeInIndex = 0; path = CocktailShaker.app; sourceTree = BUILT_PRODUCTS_DIR; };
		0B0DB899274C491000469004 /* AppDelegate.swift */ = {isa = PBXFileReference; lastKnownFileType = sourcecode.swift; path = AppDelegate.swift; sourceTree = "<group>"; };
		0B0DB89B274C491000469004 /* SceneDelegate.swift */ = {isa = PBXFileReference; lastKnownFileType = sourcecode.swift; path = SceneDelegate.swift; sourceTree = "<group>"; };
		0B0DB89D274C491000469004 /* ViewController.swift */ = {isa = PBXFileReference; lastKnownFileType = sourcecode.swift; path = ViewController.swift; sourceTree = "<group>"; };
		0B0DB8A0274C491000469004 /* Base */ = {isa = PBXFileReference; lastKnownFileType = file.storyboard; name = Base; path = Base.lproj/Main.storyboard; sourceTree = "<group>"; };
		0B0DB8A2274C491300469004 /* Assets.xcassets */ = {isa = PBXFileReference; lastKnownFileType = folder.assetcatalog; path = Assets.xcassets; sourceTree = "<group>"; };
		0B0DB8A5274C491300469004 /* Base */ = {isa = PBXFileReference; lastKnownFileType = file.storyboard; name = Base; path = Base.lproj/LaunchScreen.storyboard; sourceTree = "<group>"; };
		0B0DB8A7274C491300469004 /* Info.plist */ = {isa = PBXFileReference; lastKnownFileType = text.plist.xml; path = Info.plist; sourceTree = "<group>"; };
		0B0DB8B5274D546100469004 /* TableViewController.swift */ = {isa = PBXFileReference; lastKnownFileType = sourcecode.swift; path = TableViewController.swift; sourceTree = "<group>"; };
		0B0DB8BC274E4C3D00469004 /* IngridientsCollectionViewCell.swift */ = {isa = PBXFileReference; lastKnownFileType = sourcecode.swift; path = IngridientsCollectionViewCell.swift; sourceTree = "<group>"; };
		0B0DB8C0274E578900469004 /* IngridientsTableViewCell.swift */ = {isa = PBXFileReference; lastKnownFileType = sourcecode.swift; path = IngridientsTableViewCell.swift; sourceTree = "<group>"; };
		0B3433F12759325A00AD6A78 /* Movie.swift */ = {isa = PBXFileReference; lastKnownFileType = sourcecode.swift; path = Movie.swift; sourceTree = "<group>"; };
		0B343423275ABA3900AD6A78 /* Constant.swift */ = {isa = PBXFileReference; lastKnownFileType = sourcecode.swift; path = Constant.swift; sourceTree = "<group>"; };
		0B343426275AD44200AD6A78 /* TitleCell.swift */ = {isa = PBXFileReference; lastKnownFileType = sourcecode.swift; path = TitleCell.swift; sourceTree = "<group>"; };
		0B343429275BE21100AD6A78 /* PlotCell.swift */ = {isa = PBXFileReference; lastKnownFileType = sourcecode.swift; path = PlotCell.swift; sourceTree = "<group>"; };
		0B34342D275BE37300AD6A78 /* ImageCell.swift */ = {isa = PBXFileReference; lastKnownFileType = sourcecode.swift; path = ImageCell.swift; sourceTree = "<group>"; };
		5332B358FDC869CCDEE581B2 /* Pods_CocktailShaker.framework */ = {isa = PBXFileReference; explicitFileType = wrapper.framework; includeInIndex = 0; path = Pods_CocktailShaker.framework; sourceTree = BUILT_PRODUCTS_DIR; };
		A4D3A7AE89A10CBC0E480E19 /* Pods-CocktailShaker.release.xcconfig */ = {isa = PBXFileReference; includeInIndex = 1; lastKnownFileType = text.xcconfig; name = "Pods-CocktailShaker.release.xcconfig"; path = "Target Support Files/Pods-CocktailShaker/Pods-CocktailShaker.release.xcconfig"; sourceTree = "<group>"; };
		A814558CD1B8359013294A3B /* Pods-CocktailShaker.debug.xcconfig */ = {isa = PBXFileReference; includeInIndex = 1; lastKnownFileType = text.xcconfig; name = "Pods-CocktailShaker.debug.xcconfig"; path = "Target Support Files/Pods-CocktailShaker/Pods-CocktailShaker.debug.xcconfig"; sourceTree = "<group>"; };
/* End PBXFileReference section */

/* Begin PBXFrameworksBuildPhase section */
		0B0DB893274C491000469004 /* Frameworks */ = {
			isa = PBXFrameworksBuildPhase;
			buildActionMask = 2147483647;
			files = (
				F0D105D603BD8A2476445FF8 /* Pods_CocktailShaker.framework in Frameworks */,
			);
			runOnlyForDeploymentPostprocessing = 0;
		};
/* End PBXFrameworksBuildPhase section */

/* Begin PBXGroup section */
		0B0DB88D274C491000469004 = {
			isa = PBXGroup;
			children = (
				0B0DB898274C491000469004 /* CocktailShaker */,
				0B0DB897274C491000469004 /* Products */,
				370470453E5B01E7910A4E34 /* Pods */,
				D3AD1637549B7D83AE0388E3 /* Frameworks */,
			);
			sourceTree = "<group>";
		};
		0B0DB897274C491000469004 /* Products */ = {
			isa = PBXGroup;
			children = (
				0B0DB896274C491000469004 /* CocktailShaker.app */,
			);
			name = Products;
			sourceTree = "<group>";
		};
		0B0DB898274C491000469004 /* CocktailShaker */ = {
			isa = PBXGroup;
			children = (
				0B0DB899274C491000469004 /* AppDelegate.swift */,
				0B0DB89B274C491000469004 /* SceneDelegate.swift */,
				0B0DB89D274C491000469004 /* ViewController.swift */,
				0B3433F12759325A00AD6A78 /* Movie.swift */,
				0B0DB8B5274D546100469004 /* TableViewController.swift */,
				0B343423275ABA3900AD6A78 /* Constant.swift */,
				0B0DB8C0274E578900469004 /* IngridientsTableViewCell.swift */,
				0B343426275AD44200AD6A78 /* TitleCell.swift */,
				0B34342D275BE37300AD6A78 /* ImageCell.swift */,
				0B343429275BE21100AD6A78 /* PlotCell.swift */,
				0B0DB8BC274E4C3D00469004 /* IngridientsCollectionViewCell.swift */,
				0B0DB89F274C491000469004 /* Main.storyboard */,
				0B0DB8A2274C491300469004 /* Assets.xcassets */,
				0B0DB8A4274C491300469004 /* LaunchScreen.storyboard */,
				0B0DB8A7274C491300469004 /* Info.plist */,
			);
			path = CocktailShaker;
			sourceTree = "<group>";
		};
		370470453E5B01E7910A4E34 /* Pods */ = {
			isa = PBXGroup;
			children = (
				A814558CD1B8359013294A3B /* Pods-CocktailShaker.debug.xcconfig */,
				A4D3A7AE89A10CBC0E480E19 /* Pods-CocktailShaker.release.xcconfig */,
			);
			path = Pods;
			sourceTree = "<group>";
		};
		D3AD1637549B7D83AE0388E3 /* Frameworks */ = {
			isa = PBXGroup;
			children = (
				5332B358FDC869CCDEE581B2 /* Pods_CocktailShaker.framework */,
			);
			name = Frameworks;
			sourceTree = "<group>";
		};
/* End PBXGroup section */

/* Begin PBXNativeTarget section */
		0B0DB895274C491000469004 /* CocktailShaker */ = {
			isa = PBXNativeTarget;
			buildConfigurationList = 0B0DB8AA274C491300469004 /* Build configuration list for PBXNativeTarget "CocktailShaker" */;
			buildPhases = (
				8CEDEEA77731EE00A7783277 /* [CP] Check Pods Manifest.lock */,
				0B0DB892274C491000469004 /* Sources */,
				0B0DB893274C491000469004 /* Frameworks */,
				0B0DB894274C491000469004 /* Resources */,
				6AF1DF418038F0B14684E218 /* [CP] Embed Pods Frameworks */,
			);
			buildRules = (
			);
			dependencies = (
			);
			name = CocktailShaker;
			productName = CocktailShaker;
			productReference = 0B0DB896274C491000469004 /* CocktailShaker.app */;
			productType = "com.apple.product-type.application";
		};
/* End PBXNativeTarget section */

/* Begin PBXProject section */
		0B0DB88E274C491000469004 /* Project object */ = {
			isa = PBXProject;
			attributes = {
				LastSwiftUpdateCheck = 1240;
				LastUpgradeCheck = 1240;
				TargetAttributes = {
					0B0DB895274C491000469004 = {
						CreatedOnToolsVersion = 12.4;
					};
				};
			};
			buildConfigurationList = 0B0DB891274C491000469004 /* Build configuration list for PBXProject "CocktailShaker" */;
			compatibilityVersion = "Xcode 9.3";
			developmentRegion = en;
			hasScannedForEncodings = 0;
			knownRegions = (
				en,
				Base,
			);
			mainGroup = 0B0DB88D274C491000469004;
			productRefGroup = 0B0DB897274C491000469004 /* Products */;
			projectDirPath = "";
			projectRoot = "";
			targets = (
				0B0DB895274C491000469004 /* CocktailShaker */,
			);
		};
/* End PBXProject section */

/* Begin PBXResourcesBuildPhase section */
		0B0DB894274C491000469004 /* Resources */ = {
			isa = PBXResourcesBuildPhase;
			buildActionMask = 2147483647;
			files = (
				0B0DB8A6274C491300469004 /* LaunchScreen.storyboard in Resources */,
				0B0DB8A3274C491300469004 /* Assets.xcassets in Resources */,
				0B0DB8A1274C491000469004 /* Main.storyboard in Resources */,
			);
			runOnlyForDeploymentPostprocessing = 0;
		};
/* End PBXResourcesBuildPhase section */

/* Begin PBXShellScriptBuildPhase section */
		6AF1DF418038F0B14684E218 /* [CP] Embed Pods Frameworks */ = {
			isa = PBXShellScriptBuildPhase;
			buildActionMask = 2147483647;
			files = (
			);
			inputFileListPaths = (
				"${PODS_ROOT}/Target Support Files/Pods-CocktailShaker/Pods-CocktailShaker-frameworks-${CONFIGURATION}-input-files.xcfilelist",
			);
			name = "[CP] Embed Pods Frameworks";
			outputFileListPaths = (
				"${PODS_ROOT}/Target Support Files/Pods-CocktailShaker/Pods-CocktailShaker-frameworks-${CONFIGURATION}-output-files.xcfilelist",
			);
			runOnlyForDeploymentPostprocessing = 0;
			shellPath = /bin/sh;
			shellScript = "\"${PODS_ROOT}/Target Support Files/Pods-CocktailShaker/Pods-CocktailShaker-frameworks.sh\"\n";
			showEnvVarsInLog = 0;
		};
		8CEDEEA77731EE00A7783277 /* [CP] Check Pods Manifest.lock */ = {
			isa = PBXShellScriptBuildPhase;
			buildActionMask = 2147483647;
			files = (
			);
			inputFileListPaths = (
			);
			inputPaths = (
				"${PODS_PODFILE_DIR_PATH}/Podfile.lock",
				"${PODS_ROOT}/Manifest.lock",
			);
			name = "[CP] Check Pods Manifest.lock";
			outputFileListPaths = (
			);
			outputPaths = (
				"$(DERIVED_FILE_DIR)/Pods-CocktailShaker-checkManifestLockResult.txt",
			);
			runOnlyForDeploymentPostprocessing = 0;
			shellPath = /bin/sh;
			shellScript = "diff \"${PODS_PODFILE_DIR_PATH}/Podfile.lock\" \"${PODS_ROOT}/Manifest.lock\" > /dev/null\nif [ $? != 0 ] ; then\n    # print error to STDERR\n    echo \"error: The sandbox is not in sync with the Podfile.lock. Run 'pod install' or update your CocoaPods installation.\" >&2\n    exit 1\nfi\n# This output is used by Xcode 'outputs' to avoid re-running this script phase.\necho \"SUCCESS\" > \"${SCRIPT_OUTPUT_FILE_0}\"\n";
			showEnvVarsInLog = 0;
		};
/* End PBXShellScriptBuildPhase section */

/* Begin PBXSourcesBuildPhase section */
		0B0DB892274C491000469004 /* Sources */ = {
			isa = PBXSourcesBuildPhase;
			buildActionMask = 2147483647;
			files = (
				0B343427275AD44200AD6A78 /* TitleCell.swift in Sources */,
				0B0DB8B6274D546100469004 /* TableViewController.swift in Sources */,
				0B0DB89E274C491000469004 /* ViewController.swift in Sources */,
				0B0DB8C1274E578900469004 /* IngridientsTableViewCell.swift in Sources */,
				0B34342E275BE37300AD6A78 /* ImageCell.swift in Sources */,
				0B34342A275BE21100AD6A78 /* PlotCell.swift in Sources */,
				0B3433F22759325A00AD6A78 /* Movie.swift in Sources */,
				0B0DB8BD274E4C3D00469004 /* IngridientsCollectionViewCell.swift in Sources */,
				0B0DB89A274C491000469004 /* AppDelegate.swift in Sources */,
				0B343424275ABA3900AD6A78 /* Constant.swift in Sources */,
				0B0DB89C274C491000469004 /* SceneDelegate.swift in Sources */,
			);
			runOnlyForDeploymentPostprocessing = 0;
		};
/* End PBXSourcesBuildPhase section */

/* Begin PBXVariantGroup section */
		0B0DB89F274C491000469004 /* Main.storyboard */ = {
			isa = PBXVariantGroup;
			children = (
				0B0DB8A0274C491000469004 /* Base */,
			);
			name = Main.storyboard;
			sourceTree = "<group>";
		};
		0B0DB8A4274C491300469004 /* LaunchScreen.storyboard */ = {
			isa = PBXVariantGroup;
			children = (
				0B0DB8A5274C491300469004 /* Base */,
			);
			name = LaunchScreen.storyboard;
			sourceTree = "<group>";
		};
/* End PBXVariantGroup section */

/* Begin XCBuildConfiguration section */
		0B0DB8A8274C491300469004 /* Debug */ = {
			isa = XCBuildConfiguration;
			buildSettings = {
				ALWAYS_SEARCH_USER_PATHS = NO;
				CLANG_ANALYZER_NONNULL = YES;
				CLANG_ANALYZER_NUMBER_OBJECT_CONVERSION = YES_AGGRESSIVE;
				CLANG_CXX_LANGUAGE_STANDARD = "gnu++14";
				CLANG_CXX_LIBRARY = "libc++";
				CLANG_ENABLE_MODULES = YES;
				CLANG_ENABLE_OBJC_ARC = YES;
				CLANG_ENABLE_OBJC_WEAK = YES;
				CLANG_WARN_BLOCK_CAPTURE_AUTORELEASING = YES;
				CLANG_WARN_BOOL_CONVERSION = YES;
				CLANG_WARN_COMMA = YES;
				CLANG_WARN_CONSTANT_CONVERSION = YES;
				CLANG_WARN_DEPRECATED_OBJC_IMPLEMENTATIONS = YES;
				CLANG_WARN_DIRECT_OBJC_ISA_USAGE = YES_ERROR;
				CLANG_WARN_DOCUMENTATION_COMMENTS = YES;
				CLANG_WARN_EMPTY_BODY = YES;
				CLANG_WARN_ENUM_CONVERSION = YES;
				CLANG_WARN_INFINITE_RECURSION = YES;
				CLANG_WARN_INT_CONVERSION = YES;
				CLANG_WARN_NON_LITERAL_NULL_CONVERSION = YES;
				CLANG_WARN_OBJC_IMPLICIT_RETAIN_SELF = YES;
				CLANG_WARN_OBJC_LITERAL_CONVERSION = YES;
				CLANG_WARN_OBJC_ROOT_CLASS = YES_ERROR;
				CLANG_WARN_QUOTED_INCLUDE_IN_FRAMEWORK_HEADER = YES;
				CLANG_WARN_RANGE_LOOP_ANALYSIS = YES;
				CLANG_WARN_STRICT_PROTOTYPES = YES;
				CLANG_WARN_SUSPICIOUS_MOVE = YES;
				CLANG_WARN_UNGUARDED_AVAILABILITY = YES_AGGRESSIVE;
				CLANG_WARN_UNREACHABLE_CODE = YES;
				CLANG_WARN__DUPLICATE_METHOD_MATCH = YES;
				COPY_PHASE_STRIP = NO;
				DEBUG_INFORMATION_FORMAT = dwarf;
				ENABLE_STRICT_OBJC_MSGSEND = YES;
				ENABLE_TESTABILITY = YES;
				GCC_C_LANGUAGE_STANDARD = gnu11;
				GCC_DYNAMIC_NO_PIC = NO;
				GCC_NO_COMMON_BLOCKS = YES;
				GCC_OPTIMIZATION_LEVEL = 0;
				GCC_PREPROCESSOR_DEFINITIONS = (
					"DEBUG=1",
					"$(inherited)",
				);
				GCC_WARN_64_TO_32_BIT_CONVERSION = YES;
				GCC_WARN_ABOUT_RETURN_TYPE = YES_ERROR;
				GCC_WARN_UNDECLARED_SELECTOR = YES;
				GCC_WARN_UNINITIALIZED_AUTOS = YES_AGGRESSIVE;
				GCC_WARN_UNUSED_FUNCTION = YES;
				GCC_WARN_UNUSED_VARIABLE = YES;
				IPHONEOS_DEPLOYMENT_TARGET = 14.4;
				MTL_ENABLE_DEBUG_INFO = INCLUDE_SOURCE;
				MTL_FAST_MATH = YES;
				ONLY_ACTIVE_ARCH = YES;
				SDKROOT = iphoneos;
				SWIFT_ACTIVE_COMPILATION_CONDITIONS = DEBUG;
				SWIFT_OPTIMIZATION_LEVEL = "-Onone";
			};
			name = Debug;
		};
		0B0DB8A9274C491300469004 /* Release */ = {
			isa = XCBuildConfiguration;
			buildSettings = {
				ALWAYS_SEARCH_USER_PATHS = NO;
				CLANG_ANALYZER_NONNULL = YES;
				CLANG_ANALYZER_NUMBER_OBJECT_CONVERSION = YES_AGGRESSIVE;
				CLANG_CXX_LANGUAGE_STANDARD = "gnu++14";
				CLANG_CXX_LIBRARY = "libc++";
				CLANG_ENABLE_MODULES = YES;
				CLANG_ENABLE_OBJC_ARC = YES;
				CLANG_ENABLE_OBJC_WEAK = YES;
				CLANG_WARN_BLOCK_CAPTURE_AUTORELEASING = YES;
				CLANG_WARN_BOOL_CONVERSION = YES;
				CLANG_WARN_COMMA = YES;
				CLANG_WARN_CONSTANT_CONVERSION = YES;
				CLANG_WARN_DEPRECATED_OBJC_IMPLEMENTATIONS = YES;
				CLANG_WARN_DIRECT_OBJC_ISA_USAGE = YES_ERROR;
				CLANG_WARN_DOCUMENTATION_COMMENTS = YES;
				CLANG_WARN_EMPTY_BODY = YES;
				CLANG_WARN_ENUM_CONVERSION = YES;
				CLANG_WARN_INFINITE_RECURSION = YES;
				CLANG_WARN_INT_CONVERSION = YES;
				CLANG_WARN_NON_LITERAL_NULL_CONVERSION = YES;
				CLANG_WARN_OBJC_IMPLICIT_RETAIN_SELF = YES;
				CLANG_WARN_OBJC_LITERAL_CONVERSION = YES;
				CLANG_WARN_OBJC_ROOT_CLASS = YES_ERROR;
				CLANG_WARN_QUOTED_INCLUDE_IN_FRAMEWORK_HEADER = YES;
				CLANG_WARN_RANGE_LOOP_ANALYSIS = YES;
				CLANG_WARN_STRICT_PROTOTYPES = YES;
				CLANG_WARN_SUSPICIOUS_MOVE = YES;
				CLANG_WARN_UNGUARDED_AVAILABILITY = YES_AGGRESSIVE;
				CLANG_WARN_UNREACHABLE_CODE = YES;
				CLANG_WARN__DUPLICATE_METHOD_MATCH = YES;
				COPY_PHASE_STRIP = NO;
				DEBUG_INFORMATION_FORMAT = "dwarf-with-dsym";
				ENABLE_NS_ASSERTIONS = NO;
				ENABLE_STRICT_OBJC_MSGSEND = YES;
				GCC_C_LANGUAGE_STANDARD = gnu11;
				GCC_NO_COMMON_BLOCKS = YES;
				GCC_WARN_64_TO_32_BIT_CONVERSION = YES;
				GCC_WARN_ABOUT_RETURN_TYPE = YES_ERROR;
				GCC_WARN_UNDECLARED_SELECTOR = YES;
				GCC_WARN_UNINITIALIZED_AUTOS = YES_AGGRESSIVE;
				GCC_WARN_UNUSED_FUNCTION = YES;
				GCC_WARN_UNUSED_VARIABLE = YES;
				IPHONEOS_DEPLOYMENT_TARGET = 14.4;
				MTL_ENABLE_DEBUG_INFO = NO;
				MTL_FAST_MATH = YES;
				SDKROOT = iphoneos;
				SWIFT_COMPILATION_MODE = wholemodule;
				SWIFT_OPTIMIZATION_LEVEL = "-O";
				VALIDATE_PRODUCT = YES;
			};
			name = Release;
		};
		0B0DB8AB274C491300469004 /* Debug */ = {
			isa = XCBuildConfiguration;
			baseConfigurationReference = A814558CD1B8359013294A3B /* Pods-CocktailShaker.debug.xcconfig */;
			buildSettings = {
				ASSETCATALOG_COMPILER_APPICON_NAME = AppIcon;
				ASSETCATALOG_COMPILER_GLOBAL_ACCENT_COLOR_NAME = AccentColor;
				CODE_SIGN_STYLE = Automatic;
				DEVELOPMENT_TEAM = 327B2F3V2J;
				INFOPLIST_FILE = CocktailShaker/Info.plist;
				IPHONEOS_DEPLOYMENT_TARGET = 13.2;
				LD_RUNPATH_SEARCH_PATHS = (
					"$(inherited)",
					"@executable_path/Frameworks",
				);
				PRODUCT_BUNDLE_IDENTIFIER = com.Mr.Ki.CocktailShaker;
				PRODUCT_NAME = "$(TARGET_NAME)";
				SWIFT_VERSION = 5.0;
				TARGETED_DEVICE_FAMILY = "1,2";
			};
			name = Debug;
		};
		0B0DB8AC274C491300469004 /* Release */ = {
			isa = XCBuildConfiguration;
			baseConfigurationReference = A4D3A7AE89A10CBC0E480E19 /* Pods-CocktailShaker.release.xcconfig */;
			buildSettings = {
				ASSETCATALOG_COMPILER_APPICON_NAME = AppIcon;
				ASSETCATALOG_COMPILER_GLOBAL_ACCENT_COLOR_NAME = AccentColor;
				CODE_SIGN_STYLE = Automatic;
				DEVELOPMENT_TEAM = 327B2F3V2J;
				INFOPLIST_FILE = CocktailShaker/Info.plist;
				IPHONEOS_DEPLOYMENT_TARGET = 13.2;
				LD_RUNPATH_SEARCH_PATHS = (
					"$(inherited)",
					"@executable_path/Frameworks",
				);
				PRODUCT_BUNDLE_IDENTIFIER = com.Mr.Ki.CocktailShaker;
				PRODUCT_NAME = "$(TARGET_NAME)";
				SWIFT_VERSION = 5.0;
				TARGETED_DEVICE_FAMILY = "1,2";
			};
			name = Release;
		};
/* End XCBuildConfiguration section */

/* Begin XCConfigurationList section */
		0B0DB891274C491000469004 /* Build configuration list for PBXProject "CocktailShaker" */ = {
			isa = XCConfigurationList;
			buildConfigurations = (
				0B0DB8A8274C491300469004 /* Debug */,
				0B0DB8A9274C491300469004 /* Release */,
			);
			defaultConfigurationIsVisible = 0;
			defaultConfigurationName = Release;
		};
		0B0DB8AA274C491300469004 /* Build configuration list for PBXNativeTarget "CocktailShaker" */ = {
			isa = XCConfigurationList;
			buildConfigurations = (
				0B0DB8AB274C491300469004 /* Debug */,
				0B0DB8AC274C491300469004 /* Release */,
			);
			defaultConfigurationIsVisible = 0;
			defaultConfigurationName = Release;
		};
/* End XCConfigurationList section */
	};
	rootObject = 0B0DB88E274C491000469004 /* Project object */;
}
